// !$*UTF8*$!
{
	archiveVersion = 1;
	classes = {
	};
	objectVersion = 56;
	objects = {

/* Begin PBXBuildFile section */
		75BD5F35291D859100B6DA6D /* AppDelegate.swift in Sources */ = {isa = PBXBuildFile; fileRef = 75BD5F34291D859100B6DA6D /* AppDelegate.swift */; };
		75BD5F37291D859100B6DA6D /* SceneDelegate.swift in Sources */ = {isa = PBXBuildFile; fileRef = 75BD5F36291D859100B6DA6D /* SceneDelegate.swift */; };
		75BD5F39291D859100B6DA6D /* SingleViewController.swift in Sources */ = {isa = PBXBuildFile; fileRef = 75BD5F38291D859100B6DA6D /* SingleViewController.swift */; };
		75BD5F3E291D859200B6DA6D /* Assets.xcassets in Resources */ = {isa = PBXBuildFile; fileRef = 75BD5F3D291D859200B6DA6D /* Assets.xcassets */; };
		75BD5F50291D8BD000B6DA6D /* ShowDetailsViewController.swift in Sources */ = {isa = PBXBuildFile; fileRef = 75BD5F4F291D8BD000B6DA6D /* ShowDetailsViewController.swift */; };
		75BD5F52291D8BFE00B6DA6D /* MovieViewModel.swift in Sources */ = {isa = PBXBuildFile; fileRef = 75BD5F51291D8BFE00B6DA6D /* MovieViewModel.swift */; };
		75BD5F54291D8C0800B6DA6D /* MovieModel.swift in Sources */ = {isa = PBXBuildFile; fileRef = 75BD5F53291D8C0800B6DA6D /* MovieModel.swift */; };
		75BD5F56291D8C5C00B6DA6D /* ApiService.swift in Sources */ = {isa = PBXBuildFile; fileRef = 75BD5F55291D8C5C00B6DA6D /* ApiService.swift */; };
		75BD5F58291DA35000B6DA6D /* LaunchScreen.storyboard in Resources */ = {isa = PBXBuildFile; fileRef = 75BD5F57291DA35000B6DA6D /* LaunchScreen.storyboard */; };
		75BD5F5C291DBC4800B6DA6D /* Extensions.swift in Sources */ = {isa = PBXBuildFile; fileRef = 75BD5F5B291DBC4800B6DA6D /* Extensions.swift */; };
/* End PBXBuildFile section */

/* Begin PBXFileReference section */
		75BD5F31291D859100B6DA6D /* Movies.app */ = {isa = PBXFileReference; explicitFileType = wrapper.application; includeInIndex = 0; path = Movies.app; sourceTree = BUILT_PRODUCTS_DIR; };
		75BD5F34291D859100B6DA6D /* AppDelegate.swift */ = {isa = PBXFileReference; lastKnownFileType = sourcecode.swift; path = AppDelegate.swift; sourceTree = "<group>"; };
		75BD5F36291D859100B6DA6D /* SceneDelegate.swift */ = {isa = PBXFileReference; lastKnownFileType = sourcecode.swift; path = SceneDelegate.swift; sourceTree = "<group>"; };
		75BD5F38291D859100B6DA6D /* SingleViewController.swift */ = {isa = PBXFileReference; lastKnownFileType = sourcecode.swift; path = SingleViewController.swift; sourceTree = "<group>"; };
		75BD5F3D291D859200B6DA6D /* Assets.xcassets */ = {isa = PBXFileReference; lastKnownFileType = folder.assetcatalog; path = Assets.xcassets; sourceTree = "<group>"; };
		75BD5F42291D859200B6DA6D /* Info.plist */ = {isa = PBXFileReference; lastKnownFileType = text.plist.xml; path = Info.plist; sourceTree = "<group>"; };
		75BD5F4F291D8BD000B6DA6D /* ShowDetailsViewController.swift */ = {isa = PBXFileReference; lastKnownFileType = sourcecode.swift; path = ShowDetailsViewController.swift; sourceTree = "<group>"; };
		75BD5F51291D8BFE00B6DA6D /* MovieViewModel.swift */ = {isa = PBXFileReference; lastKnownFileType = sourcecode.swift; path = MovieViewModel.swift; sourceTree = "<group>"; };
		75BD5F53291D8C0800B6DA6D /* MovieModel.swift */ = {isa = PBXFileReference; lastKnownFileType = sourcecode.swift; path = MovieModel.swift; sourceTree = "<group>"; };
		75BD5F55291D8C5C00B6DA6D /* ApiService.swift */ = {isa = PBXFileReference; lastKnownFileType = sourcecode.swift; path = ApiService.swift; sourceTree = "<group>"; };
		75BD5F57291DA35000B6DA6D /* LaunchScreen.storyboard */ = {isa = PBXFileReference; fileEncoding = 4; lastKnownFileType = file.storyboard; path = LaunchScreen.storyboard; sourceTree = "<group>"; };
		75BD5F5B291DBC4800B6DA6D /* Extensions.swift */ = {isa = PBXFileReference; lastKnownFileType = sourcecode.swift; path = Extensions.swift; sourceTree = "<group>"; };
/* End PBXFileReference section */

/* Begin PBXFrameworksBuildPhase section */
		75BD5F2E291D859100B6DA6D /* Frameworks */ = {
			isa = PBXFrameworksBuildPhase;
			buildActionMask = 2147483647;
			files = (
			);
			runOnlyForDeploymentPostprocessing = 0;
		};
/* End PBXFrameworksBuildPhase section */

/* Begin PBXGroup section */
		75BD5F28291D859100B6DA6D = {
			isa = PBXGroup;
			children = (
				75BD5F33291D859100B6DA6D /* Movies */,
				75BD5F32291D859100B6DA6D /* Products */,
			);
			sourceTree = "<group>";
		};
		75BD5F32291D859100B6DA6D /* Products */ = {
			isa = PBXGroup;
			children = (
				75BD5F31291D859100B6DA6D /* Movies.app */,
			);
			name = Products;
			sourceTree = "<group>";
		};
		75BD5F33291D859100B6DA6D /* Movies */ = {
			isa = PBXGroup;
			children = (
				75BD5F4A291D89CD00B6DA6D /* Common */,
				75BD5F4B291D89E300B6DA6D /* Models */,
				75BD5F4D291D8A0000B6DA6D /* Views */,
				75BD5F4C291D89F200B6DA6D /* ViewModels */,
				75BD5F4E291D8A3100B6DA6D /* Services */,
				75BD5F3D291D859200B6DA6D /* Assets.xcassets */,
				75BD5F42291D859200B6DA6D /* Info.plist */,
				75BD5F57291DA35000B6DA6D /* LaunchScreen.storyboard */,
			);
			path = Movies;
			sourceTree = "<group>";
		};
		75BD5F4A291D89CD00B6DA6D /* Common */ = {
			isa = PBXGroup;
			children = (
				75BD5F36291D859100B6DA6D /* SceneDelegate.swift */,
				75BD5F34291D859100B6DA6D /* AppDelegate.swift */,
			);
			path = Common;
			sourceTree = "<group>";
		};
		75BD5F4B291D89E300B6DA6D /* Models */ = {
			isa = PBXGroup;
			children = (
				75BD5F53291D8C0800B6DA6D /* MovieModel.swift */,
			);
			path = Models;
			sourceTree = "<group>";
		};
		75BD5F4C291D89F200B6DA6D /* ViewModels */ = {
			isa = PBXGroup;
			children = (
				75BD5F51291D8BFE00B6DA6D /* MovieViewModel.swift */,
			);
			path = ViewModels;
			sourceTree = "<group>";
		};
		75BD5F4D291D8A0000B6DA6D /* Views */ = {
			isa = PBXGroup;
			children = (
				75BD5F38291D859100B6DA6D /* SingleViewController.swift */,
				75BD5F4F291D8BD000B6DA6D /* ShowDetailsViewController.swift */,
			);
			path = Views;
			sourceTree = "<group>";
		};
		75BD5F4E291D8A3100B6DA6D /* Services */ = {
			isa = PBXGroup;
			children = (
				75BD5F55291D8C5C00B6DA6D /* ApiService.swift */,
				75BD5F5B291DBC4800B6DA6D /* Extensions.swift */,
			);
			path = Services;
			sourceTree = "<group>";
		};
/* End PBXGroup section */

/* Begin PBXNativeTarget section */
		75BD5F30291D859100B6DA6D /* Movies */ = {
			isa = PBXNativeTarget;
			buildConfigurationList = 75BD5F45291D859200B6DA6D /* Build configuration list for PBXNativeTarget "Movies" */;
			buildPhases = (
				75BD5F2D291D859100B6DA6D /* Sources */,
				75BD5F2E291D859100B6DA6D /* Frameworks */,
				75BD5F2F291D859100B6DA6D /* Resources */,
			);
			buildRules = (
			);
			dependencies = (
			);
			name = Movies;
			productName = Movies;
			productReference = 75BD5F31291D859100B6DA6D /* Movies.app */;
			productType = "com.apple.product-type.application";
		};
/* End PBXNativeTarget section */

/* Begin PBXProject section */
		75BD5F29291D859100B6DA6D /* Project object */ = {
			isa = PBXProject;
			attributes = {
				BuildIndependentTargetsInParallel = 1;
				LastSwiftUpdateCheck = 1410;
				LastUpgradeCheck = 1410;
				TargetAttributes = {
					75BD5F30291D859100B6DA6D = {
						CreatedOnToolsVersion = 14.1;
					};
				};
			};
			buildConfigurationList = 75BD5F2C291D859100B6DA6D /* Build configuration list for PBXProject "Movies" */;
			compatibilityVersion = "Xcode 14.0";
			developmentRegion = en;
			hasScannedForEncodings = 0;
			knownRegions = (
				en,
				Base,
			);
			mainGroup = 75BD5F28291D859100B6DA6D;
			productRefGroup = 75BD5F32291D859100B6DA6D /* Products */;
			projectDirPath = "";
			projectRoot = "";
			targets = (
				75BD5F30291D859100B6DA6D /* Movies */,
			);
		};
/* End PBXProject section */

/* Begin PBXResourcesBuildPhase section */
		75BD5F2F291D859100B6DA6D /* Resources */ = {
			isa = PBXResourcesBuildPhase;
			buildActionMask = 2147483647;
			files = (
				75BD5F3E291D859200B6DA6D /* Assets.xcassets in Resources */,
				75BD5F58291DA35000B6DA6D /* LaunchScreen.storyboard in Resources */,
			);
			runOnlyForDeploymentPostprocessing = 0;
		};
/* End PBXResourcesBuildPhase section */

/* Begin PBXSourcesBuildPhase section */
		75BD5F2D291D859100B6DA6D /* Sources */ = {
			isa = PBXSourcesBuildPhase;
			buildActionMask = 2147483647;
			files = (
				75BD5F54291D8C0800B6DA6D /* MovieModel.swift in Sources */,
				75BD5F50291D8BD000B6DA6D /* ShowDetailsViewController.swift in Sources */,
				75BD5F52291D8BFE00B6DA6D /* MovieViewModel.swift in Sources */,
				75BD5F5C291DBC4800B6DA6D /* Extensions.swift in Sources */,
				75BD5F39291D859100B6DA6D /* SingleViewController.swift in Sources */,
				75BD5F35291D859100B6DA6D /* AppDelegate.swift in Sources */,
				75BD5F56291D8C5C00B6DA6D /* ApiService.swift in Sources */,
				75BD5F37291D859100B6DA6D /* SceneDelegate.swift in Sources */,
			);
			runOnlyForDeploymentPostprocessing = 0;
		};
/* End PBXSourcesBuildPhase section */

/* Begin XCBuildConfiguration section */
		75BD5F43291D859200B6DA6D /* Debug */ = {
			isa = XCBuildConfiguration;
			buildSettings = {
				ALWAYS_SEARCH_USER_PATHS = NO;
				CLANG_ANALYZER_NONNULL = YES;
				CLANG_ANALYZER_NUMBER_OBJECT_CONVERSION = YES_AGGRESSIVE;
				CLANG_CXX_LANGUAGE_STANDARD = "gnu++20";
				CLANG_ENABLE_MODULES = YES;
				CLANG_ENABLE_OBJC_ARC = YES;
				CLANG_ENABLE_OBJC_WEAK = YES;
				CLANG_WARN_BLOCK_CAPTURE_AUTORELEASING = YES;
				CLANG_WARN_BOOL_CONVERSION = YES;
				CLANG_WARN_COMMA = YES;
				CLANG_WARN_CONSTANT_CONVERSION = YES;
				CLANG_WARN_DEPRECATED_OBJC_IMPLEMENTATIONS = YES;
				CLANG_WARN_DIRECT_OBJC_ISA_USAGE = YES_ERROR;
				CLANG_WARN_DOCUMENTATION_COMMENTS = YES;
				CLANG_WARN_EMPTY_BODY = YES;
				CLANG_WARN_ENUM_CONVERSION = YES;
				CLANG_WARN_INFINITE_RECURSION = YES;
				CLANG_WARN_INT_CONVERSION = YES;
				CLANG_WARN_NON_LITERAL_NULL_CONVERSION = YES;
				CLANG_WARN_OBJC_IMPLICIT_RETAIN_SELF = YES;
				CLANG_WARN_OBJC_LITERAL_CONVERSION = YES;
				CLANG_WARN_OBJC_ROOT_CLASS = YES_ERROR;
				CLANG_WARN_QUOTED_INCLUDE_IN_FRAMEWORK_HEADER = YES;
				CLANG_WARN_RANGE_LOOP_ANALYSIS = YES;
				CLANG_WARN_STRICT_PROTOTYPES = YES;
				CLANG_WARN_SUSPICIOUS_MOVE = YES;
				CLANG_WARN_UNGUARDED_AVAILABILITY = YES_AGGRESSIVE;
				CLANG_WARN_UNREACHABLE_CODE = YES;
				CLANG_WARN__DUPLICATE_METHOD_MATCH = YES;
				COPY_PHASE_STRIP = NO;
				DEBUG_INFORMATION_FORMAT = dwarf;
				ENABLE_STRICT_OBJC_MSGSEND = YES;
				ENABLE_TESTABILITY = YES;
				GCC_C_LANGUAGE_STANDARD = gnu11;
				GCC_DYNAMIC_NO_PIC = NO;
				GCC_NO_COMMON_BLOCKS = YES;
				GCC_OPTIMIZATION_LEVEL = 0;
				GCC_PREPROCESSOR_DEFINITIONS = (
					"DEBUG=1",
					"$(inherited)",
				);
				GCC_WARN_64_TO_32_BIT_CONVERSION = YES;
				GCC_WARN_ABOUT_RETURN_TYPE = YES_ERROR;
				GCC_WARN_UNDECLARED_SELECTOR = YES;
				GCC_WARN_UNINITIALIZED_AUTOS = YES_AGGRESSIVE;
				GCC_WARN_UNUSED_FUNCTION = YES;
				GCC_WARN_UNUSED_VARIABLE = YES;
				IPHONEOS_DEPLOYMENT_TARGET = 16.1;
				MTL_ENABLE_DEBUG_INFO = INCLUDE_SOURCE;
				MTL_FAST_MATH = YES;
				ONLY_ACTIVE_ARCH = YES;
				SDKROOT = iphoneos;
				SWIFT_ACTIVE_COMPILATION_CONDITIONS = DEBUG;
				SWIFT_OPTIMIZATION_LEVEL = "-Onone";
			};
			name = Debug;
		};
		75BD5F44291D859200B6DA6D /* Release */ = {
			isa = XCBuildConfiguration;
			buildSettings = {
				ALWAYS_SEARCH_USER_PATHS = NO;
				CLANG_ANALYZER_NONNULL = YES;
				CLANG_ANALYZER_NUMBER_OBJECT_CONVERSION = YES_AGGRESSIVE;
				CLANG_CXX_LANGUAGE_STANDARD = "gnu++20";
				CLANG_ENABLE_MODULES = YES;
				CLANG_ENABLE_OBJC_ARC = YES;
				CLANG_ENABLE_OBJC_WEAK = YES;
				CLANG_WARN_BLOCK_CAPTURE_AUTORELEASING = YES;
				CLANG_WARN_BOOL_CONVERSION = YES;
				CLANG_WARN_COMMA = YES;
				CLANG_WARN_CONSTANT_CONVERSION = YES;
				CLANG_WARN_DEPRECATED_OBJC_IMPLEMENTATIONS = YES;
				CLANG_WARN_DIRECT_OBJC_ISA_USAGE = YES_ERROR;
				CLANG_WARN_DOCUMENTATION_COMMENTS = YES;
				CLANG_WARN_EMPTY_BODY = YES;
				CLANG_WARN_ENUM_CONVERSION = YES;
				CLANG_WARN_INFINITE_RECURSION = YES;
				CLANG_WARN_INT_CONVERSION = YES;
				CLANG_WARN_NON_LITERAL_NULL_CONVERSION = YES;
				CLANG_WARN_OBJC_IMPLICIT_RETAIN_SELF = YES;
				CLANG_WARN_OBJC_LITERAL_CONVERSION = YES;
				CLANG_WARN_OBJC_ROOT_CLASS = YES_ERROR;
				CLANG_WARN_QUOTED_INCLUDE_IN_FRAMEWORK_HEADER = YES;
				CLANG_WARN_RANGE_LOOP_ANALYSIS = YES;
				CLANG_WARN_STRICT_PROTOTYPES = YES;
				CLANG_WARN_SUSPICIOUS_MOVE = YES;
				CLANG_WARN_UNGUARDED_AVAILABILITY = YES_AGGRESSIVE;
				CLANG_WARN_UNREACHABLE_CODE = YES;
				CLANG_WARN__DUPLICATE_METHOD_MATCH = YES;
				COPY_PHASE_STRIP = NO;
				DEBUG_INFORMATION_FORMAT = "dwarf-with-dsym";
				ENABLE_NS_ASSERTIONS = NO;
				ENABLE_STRICT_OBJC_MSGSEND = YES;
				GCC_C_LANGUAGE_STANDARD = gnu11;
				GCC_NO_COMMON_BLOCKS = YES;
				GCC_WARN_64_TO_32_BIT_CONVERSION = YES;
				GCC_WARN_ABOUT_RETURN_TYPE = YES_ERROR;
				GCC_WARN_UNDECLARED_SELECTOR = YES;
				GCC_WARN_UNINITIALIZED_AUTOS = YES_AGGRESSIVE;
				GCC_WARN_UNUSED_FUNCTION = YES;
				GCC_WARN_UNUSED_VARIABLE = YES;
				IPHONEOS_DEPLOYMENT_TARGET = 16.1;
				MTL_ENABLE_DEBUG_INFO = NO;
				MTL_FAST_MATH = YES;
				SDKROOT = iphoneos;
				SWIFT_COMPILATION_MODE = wholemodule;
				SWIFT_OPTIMIZATION_LEVEL = "-O";
				VALIDATE_PRODUCT = YES;
			};
			name = Release;
		};
		75BD5F46291D859200B6DA6D /* Debug */ = {
			isa = XCBuildConfiguration;
			buildSettings = {
				ASSETCATALOG_COMPILER_APPICON_NAME = AppIcon;
				ASSETCATALOG_COMPILER_GLOBAL_ACCENT_COLOR_NAME = AccentColor;
				CODE_SIGN_STYLE = Automatic;
				CURRENT_PROJECT_VERSION = 1;
				DEVELOPMENT_TEAM = Y279TVF4Y6;
				GENERATE_INFOPLIST_FILE = YES;
				INFOPLIST_FILE = Movies/Info.plist;
				INFOPLIST_KEY_UIApplicationSupportsIndirectInputEvents = YES;
				INFOPLIST_KEY_UILaunchStoryboardName = LaunchScreen;
				INFOPLIST_KEY_UIMainStoryboardFile = "";
				INFOPLIST_KEY_UISupportedInterfaceOrientations_iPad = "UIInterfaceOrientationPortrait UIInterfaceOrientationPortraitUpsideDown UIInterfaceOrientationLandscapeLeft UIInterfaceOrientationLandscapeRight";
				INFOPLIST_KEY_UISupportedInterfaceOrientations_iPhone = "UIInterfaceOrientationPortrait UIInterfaceOrientationLandscapeLeft UIInterfaceOrientationLandscapeRight";
				LD_RUNPATH_SEARCH_PATHS = (
					"$(inherited)",
					"@executable_path/Frameworks",
				);
				MARKETING_VERSION = 1.0;
				PRODUCT_BUNDLE_IDENTIFIER = com.secrieruandrei.Movies;
				PRODUCT_NAME = "$(TARGET_NAME)";
				SWIFT_EMIT_LOC_STRINGS = YES;
				SWIFT_VERSION = 5.0;
				TARGETED_DEVICE_FAMILY = "1,2";
			};
			name = Debug;
		};
		75BD5F47291D859200B6DA6D /* Release */ = {
			isa = XCBuildConfiguration;
			buildSettings = {
				ASSETCATALOG_COMPILER_APPICON_NAME = AppIcon;
				ASSETCATALOG_COMPILER_GLOBAL_ACCENT_COLOR_NAME = AccentColor;
				CODE_SIGN_STYLE = Automatic;
				CURRENT_PROJECT_VERSION = 1;
				DEVELOPMENT_TEAM = Y279TVF4Y6;
				GENERATE_INFOPLIST_FILE = YES;
				INFOPLIST_FILE = Movies/Info.plist;
				INFOPLIST_KEY_UIApplicationSupportsIndirectInputEvents = YES;
				INFOPLIST_KEY_UILaunchStoryboardName = LaunchScreen;
				INFOPLIST_KEY_UIMainStoryboardFile = "";
				INFOPLIST_KEY_UISupportedInterfaceOrientations_iPad = "UIInterfaceOrientationPortrait UIInterfaceOrientationPortraitUpsideDown UIInterfaceOrientationLandscapeLeft UIInterfaceOrientationLandscapeRight";
				INFOPLIST_KEY_UISupportedInterfaceOrientations_iPhone = "UIInterfaceOrientationPortrait UIInterfaceOrientationLandscapeLeft UIInterfaceOrientationLandscapeRight";
				LD_RUNPATH_SEARCH_PATHS = (
					"$(inherited)",
					"@executable_path/Frameworks",
				);
				MARKETING_VERSION = 1.0;
				PRODUCT_BUNDLE_IDENTIFIER = com.secrieruandrei.Movies;
				PRODUCT_NAME = "$(TARGET_NAME)";
				SWIFT_EMIT_LOC_STRINGS = YES;
				SWIFT_VERSION = 5.0;
				TARGETED_DEVICE_FAMILY = "1,2";
			};
			name = Release;
		};
/* End XCBuildConfiguration section */

/* Begin XCConfigurationList section */
		75BD5F2C291D859100B6DA6D /* Build configuration list for PBXProject "Movies" */ = {
			isa = XCConfigurationList;
			buildConfigurations = (
				75BD5F43291D859200B6DA6D /* Debug */,
				75BD5F44291D859200B6DA6D /* Release */,
			);
			defaultConfigurationIsVisible = 0;
			defaultConfigurationName = Release;
		};
		75BD5F45291D859200B6DA6D /* Build configuration list for PBXNativeTarget "Movies" */ = {
			isa = XCConfigurationList;
			buildConfigurations = (
				75BD5F46291D859200B6DA6D /* Debug */,
				75BD5F47291D859200B6DA6D /* Release */,
			);
			defaultConfigurationIsVisible = 0;
			defaultConfigurationName = Release;
		};
/* End XCConfigurationList section */
	};
	rootObject = 75BD5F29291D859100B6DA6D /* Project object */;
}
